{
  "name": "MusicTree",
  "lockfileVersion": 2,
  "requires": true,
  "packages": {
    "": {
      "dependencies": {
        "@ungap/structured-clone": "github:ungap/structured-clone"
      }
    },
    "node_modules/@ungap/structured-clone": {
      "version": "0.3.4",
      "resolved": "git+ssh://git@github.com/ungap/structured-clone.git#bc4f42b61438df62ef18a6aa5f831c63b36a6c59",
      "license": "ISC"
    }
  },
  "dependencies": {
    "@ungap/structured-clone": {
      "version": "git+ssh://git@github.com/ungap/structured-clone.git#bc4f42b61438df62ef18a6aa5f831c63b36a6c59",
      "from": "@ungap/structured-clone@ungap/structured-clone"
    }
  }
}
